
Microsoft Visual Studio Solution File, Format Version 12.00
# Visual Studio Version 17
VisualStudioVersion = 17.2.32505.173
MinimumVisualStudioVersion = 10.0.40219.1
Project("{9A19103F-16F7-4668-BE54-9A1E7A4F7556}") = "BulkyBookWeb", "BulkyBookWeb\BulkyBookWeb.csproj", "{35CF2A8F-DE64-465B-8841-891B2F5FC408}"
EndProject
Project("{FAE04EC0-301F-11D3-BF4B-00C04F79EFBC}") = "BulkyBook.DataAccess", "BulkyBook.DataAccess\BulkyBook.DataAccess.csproj", "{6D8BB909-C5EA-4ACB-A041-A763E6230903}"
EndProject
Project("{FAE04EC0-301F-11D3-BF4B-00C04F79EFBC}") = "BulkyBook.Models", "BulkyBook.Models\BulkyBook.Models.csproj", "{FBC94C59-6E8F-401E-901A-5393806544AE}"
EndProject
Project("{FAE04EC0-301F-11D3-BF4B-00C04F79EFBC}") = "BulkyBook.Utility", "BulkyBook.Utility\BulkyBook.Utility.csproj", "{A5A5A1DA-6E3C-410E-A478-D77E2B1C9047}"
EndProject
Global
	GlobalSection(SolutionConfigurationPlatforms) = preSolution
		Debug|Any CPU = Debug|Any CPU
		Release|Any CPU = Release|Any CPU
	EndGlobalSection
	GlobalSection(ProjectConfigurationPlatforms) = postSolution
		{35CF2A8F-DE64-465B-8841-891B2F5FC408}.Debug|Any CPU.ActiveCfg = Debug|Any CPU
		{35CF2A8F-DE64-465B-8841-891B2F5FC408}.Debug|Any CPU.Build.0 = Debug|Any CPU
		{35CF2A8F-DE64-465B-8841-891B2F5FC408}.Release|Any CPU.ActiveCfg = Release|Any CPU
		{35CF2A8F-DE64-465B-8841-891B2F5FC408}.Release|Any CPU.Build.0 = Release|Any CPU
		{6D8BB909-C5EA-4ACB-A041-A763E6230903}.Debug|Any CPU.ActiveCfg = Debug|Any CPU
		{6D8BB909-C5EA-4ACB-A041-A763E6230903}.Debug|Any CPU.Build.0 = Debug|Any CPU
		{6D8BB909-C5EA-4ACB-A041-A763E6230903}.Release|Any CPU.ActiveCfg = Release|Any CPU
		{6D8BB909-C5EA-4ACB-A041-A763E6230903}.Release|Any CPU.Build.0 = Release|Any CPU
		{FBC94C59-6E8F-401E-901A-5393806544AE}.Debug|Any CPU.ActiveCfg = Debug|Any CPU
		{FBC94C59-6E8F-401E-901A-5393806544AE}.Debug|Any CPU.Build.0 = Debug|Any CPU
		{FBC94C59-6E8F-401E-901A-5393806544AE}.Release|Any CPU.ActiveCfg = Release|Any CPU
		{FBC94C59-6E8F-401E-901A-5393806544AE}.Release|Any CPU.Build.0 = Release|Any CPU
		{A5A5A1DA-6E3C-410E-A478-D77E2B1C9047}.Debug|Any CPU.ActiveCfg = Debug|Any CPU
		{A5A5A1DA-6E3C-410E-A478-D77E2B1C9047}.Debug|Any CPU.Build.0 = Debug|Any CPU
		{A5A5A1DA-6E3C-410E-A478-D77E2B1C9047}.Release|Any CPU.ActiveCfg = Release|Any CPU
		{A5A5A1DA-6E3C-410E-A478-D77E2B1C9047}.Release|Any CPU.Build.0 = Release|Any CPU
	EndGlobalSection
	GlobalSection(SolutionProperties) = preSolution
		HideSolutionNode = FALSE
	EndGlobalSection
	GlobalSection(ExtensibilityGlobals) = postSolution
		SolutionGuid = {40DC75D8-C38B-4BA3-8D91-7F9605C91C7C}
	EndGlobalSection
EndGlobal
